lockfileVersion: '6.0'

settings:
  autoInstallPeers: true
  excludeLinksFromLockfile: false

dependencies:
  '@fastify/postgres':
    specifier: ^5.2.2
    version: 5.2.2(pg@8.11.3)
  fastify:
    specifier: ^4.24.3
    version: 4.24.3
  langchain:
    specifier: 0.0.197-rc.1
    version: 0.0.197-rc.1(pg@8.11.3)
  openai:
    specifier: ^4.20.0
    version: 4.20.0
  pg:
    specifier: ^8.11.3
    version: 8.11.3
  postgrator:
    specifier: ^7.2.0
    version: 7.2.0

devDependencies:
  '@types/node':
    specifier: ^20.9.2
    version: 20.9.2
  '@types/pg':
    specifier: ^8.10.9
    version: 8.10.9
  bun-types:
    specifier: ^1.0.13
    version: 1.0.13
  typescript:
    specifier: ^5.3.2
    version: 5.3.2

packages:

  /@anthropic-ai/sdk@0.10.0:
    resolution: {integrity: sha512-OqTbjjZzDjkCSe0RcNTNeVrHLrC3RUzUvTJB/qt6seVaETnLkKt6b4hkOnkhkXnBHH8+w20zmB4Ekcwir2B/sw==}
    dependencies:
      '@types/node': 18.18.13
      '@types/node-fetch': 2.6.9
      abort-controller: 3.0.0
      agentkeepalive: 4.5.0
      digest-fetch: 1.3.0
      form-data-encoder: 1.7.2
      formdata-node: 4.4.1
      node-fetch: 2.7.0
      web-streams-polyfill: 3.2.1
    transitivePeerDependencies:
      - encoding
    dev: false

  /@fastify/ajv-compiler@3.5.0:
    resolution: {integrity: sha512-ebbEtlI7dxXF5ziNdr05mOY8NnDiPB1XvAlLHctRt/Rc+C3LCOVW5imUVX+mhvUhnNzmPBHewUkOFgGlCxgdAA==}
    dependencies:
      ajv: 8.12.0
      ajv-formats: 2.1.1(ajv@8.12.0)
      fast-uri: 2.3.0
    dev: false

  /@fastify/deepmerge@1.3.0:
    resolution: {integrity: sha512-J8TOSBq3SoZbDhM9+R/u77hP93gz/rajSA+K2kGyijPpORPWUXHUpTaleoj+92As0S9uPRP7Oi8IqMf0u+ro6A==}
    dev: false

  /@fastify/error@3.4.1:
    resolution: {integrity: sha512-wWSvph+29GR783IhmvdwWnN4bUxTD01Vm5Xad4i7i1VuAOItLvbPAb69sb0IQ2N57yprvhNIwAP5B6xfKTmjmQ==}
    dev: false

  /@fastify/fast-json-stringify-compiler@4.3.0:
    resolution: {integrity: sha512-aZAXGYo6m22Fk1zZzEUKBvut/CIIQe/BapEORnxiD5Qr0kPHqqI69NtEMCme74h+at72sPhbkb4ZrLd1W3KRLA==}
    dependencies:
      fast-json-stringify: 5.9.1
    dev: false

  /@fastify/postgres@5.2.2(pg@8.11.3):
    resolution: {integrity: sha512-8TWRqDSiXJp0SZjbHrqwyhl0f55eV4fpYAd9m7G0hGUpyEZJFwcxIDQYjnlRAXcVTq5NloUjFH6DxgmxZ3apbQ==}
    peerDependencies:
      pg: '>=6.0.0'
    dependencies:
      fastify-plugin: 4.5.1
      pg: 8.11.3
    dev: false

  /@langchain/anthropic@0.0.3:
    resolution: {integrity: sha512-iSp0S7h02cUS1ClyrKRBKqp7E8y1qjjZg5Tu5HLTOrRRBDgi22P7Jph1BNB8hazX/+YotDCTlChaBoolhsspXQ==}
    engines: {node: '>=18'}
    dependencies:
      '@anthropic-ai/sdk': 0.10.0
      '@langchain/core': 0.0.1
    transitivePeerDependencies:
      - encoding
    dev: false

  /@langchain/core@0.0.1:
    resolution: {integrity: sha512-VgpKcfvtC+oN5ZfCX1k05fXmMs87/U0j4KzOiGbgIjwO9xfE8bIMesodinDQO1H5ohF1SEDE1tSeVXz/bTuang==}
    engines: {node: '>=18'}
    dependencies:
      ansi-styles: 5.2.0
      camelcase: 6.3.0
      decamelize: 1.2.0
      js-tiktoken: 1.0.8
      langsmith: 0.0.48
      p-queue: 6.6.2
      p-retry: 4.6.2
      uuid: 9.0.1
      zod: 3.22.4
    dev: false

  /@langchain/openai@0.0.1(zod@3.22.4):
    resolution: {integrity: sha512-AYmsaiI4Vh1q1llGu1+P77oDqeSuSLavUzaaT25xJtCLl0o/2mqF6BQ1Wa0/HJ1+vOKxRDvCk9jhB4RjJSkuTg==}
    engines: {node: '>=18'}
    dependencies:
      '@langchain/core': 0.0.1
      js-tiktoken: 1.0.8
      openai: 4.20.0
      zod-to-json-schema: 3.20.3(zod@3.22.4)
    transitivePeerDependencies:
      - encoding
      - zod
    dev: false

  /@types/node-fetch@2.6.9:
    resolution: {integrity: sha512-bQVlnMLFJ2d35DkPNjEPmd9ueO/rh5EiaZt2bhqiSarPjZIuIV6bPQVqcrEyvNo+AfTrRGVazle1tl597w3gfA==}
    dependencies:
      '@types/node': 20.9.2
      form-data: 4.0.0
    dev: false

  /@types/node@18.18.13:
    resolution: {integrity: sha512-vXYZGRrSCreZmq1rEjMRLXJhiy8MrIeVasx+PCVlP414N7CJLHnMf+juVvjdprHyH+XRy3zKZLHeNueOpJCn0g==}
    dependencies:
      undici-types: 5.26.5
    dev: false

  /@types/node@20.9.2:
    resolution: {integrity: sha512-WHZXKFCEyIUJzAwh3NyyTHYSR35SevJ6mZ1nWwJafKtiQbqRTIKSRcw3Ma3acqgsent3RRDqeVwpHntMk+9irg==}
    dependencies:
      undici-types: 5.26.5

  /@types/pg@8.10.9:
    resolution: {integrity: sha512-UksbANNE/f8w0wOMxVKKIrLCbEMV+oM1uKejmwXr39olg4xqcfBDbXxObJAt6XxHbDa4XTKOlUEcEltXDX+XLQ==}
    dependencies:
      '@types/node': 20.9.2
      pg-protocol: 1.6.0
      pg-types: 4.0.1
    dev: true

  /@types/retry@0.12.0:
    resolution: {integrity: sha512-wWKOClTTiizcZhXnPY4wikVAwmdYHp8q6DmC+EJUzAMsycb7HB32Kh9RN4+0gExjmPmZSAQjgURXIGATPegAvA==}
    dev: false

  /@types/uuid@9.0.7:
    resolution: {integrity: sha512-WUtIVRUZ9i5dYXefDEAI7sh9/O7jGvHg7Df/5O/gtH3Yabe5odI3UWopVR1qbPXQtvOxWu3mM4XxlYeZtMWF4g==}
    dev: false

  /abort-controller@3.0.0:
    resolution: {integrity: sha512-h8lQ8tacZYnR3vNQTgibj+tODHI5/+l06Au2Pcriv/Gmet0eaj4TwWH41sO9wnHDiQsEj19q0drzdWdeAHtweg==}
    engines: {node: '>=6.5'}
    dependencies:
      event-target-shim: 5.0.1
    dev: false

  /abstract-logging@2.0.1:
    resolution: {integrity: sha512-2BjRTZxTPvheOvGbBslFSYOUkr+SjPtOnrLP33f+VIWLzezQpZcqVg7ja3L4dBXmzzgwT+a029jRx5PCi3JuiA==}
    dev: false

  /agentkeepalive@4.5.0:
    resolution: {integrity: sha512-5GG/5IbQQpC9FpkRGsSvZI5QYeSCzlJHdpBQntCsuTOxhKD8lqKhrleg2Yi7yvMIf82Ycmmqln9U8V9qwEiJew==}
    engines: {node: '>= 8.0.0'}
    dependencies:
      humanize-ms: 1.2.1
    dev: false

  /ajv-formats@2.1.1(ajv@8.12.0):
    resolution: {integrity: sha512-Wx0Kx52hxE7C18hkMEggYlEifqWZtYaRgouJor+WMdPnQyEK13vgEWyVNup7SoeeoLMsr4kf5h6dOW11I15MUA==}
    peerDependencies:
      ajv: ^8.0.0
    peerDependenciesMeta:
      ajv:
        optional: true
    dependencies:
      ajv: 8.12.0
    dev: false

  /ajv@8.12.0:
    resolution: {integrity: sha512-sRu1kpcO9yLtYxBKvqfTeh9KzZEwO3STyX1HT+4CaDzC6HpTGYhIhPIzj9XuKU7KYDwnaeh5hcOwjy1QuJzBPA==}
    dependencies:
      fast-deep-equal: 3.1.3
      json-schema-traverse: 1.0.0
      require-from-string: 2.0.2
      uri-js: 4.4.1
    dev: false

  /ansi-styles@5.2.0:
    resolution: {integrity: sha512-Cxwpt2SfTzTtXcfOlzGEee8O+c+MmUgGrNiBcXnuWxuFJHe6a5Hz7qwhwe5OgaSYI0IJvkLqWX1ASG+cJOkEiA==}
    engines: {node: '>=10'}
    dev: false

  /archy@1.0.0:
    resolution: {integrity: sha512-Xg+9RwCg/0p32teKdGMPTPnVXKD0w3DfHnFTficozsAgsvq2XenPJq/MYpzzQ/v8zrOyJn6Ds39VA4JIDwFfqw==}
    dev: false

  /argparse@2.0.1:
    resolution: {integrity: sha512-8+9WqebbFzpX9OR+Wa6O29asIogeRMzcGtAINdpMHHyAg10f05aSFVBbcEqGf/PXw1EjAZ+q2/bEBg3DvurK3Q==}
    dev: false

  /asynckit@0.4.0:
    resolution: {integrity: sha512-Oei9OH4tRh0YqU3GxhX79dM/mwVgvbZJaSNaRk+bshkj0S5cfHcgYakreBjrHwatXKbz+IoIdYLxrKim2MjW0Q==}
    dev: false

  /atomic-sleep@1.0.0:
    resolution: {integrity: sha512-kNOjDqAh7px0XWNI+4QbzoiR/nTkHAWNud2uvnJquD1/x5a7EQZMJT0AczqK0Qn67oY/TTQ1LbUKajZpp3I9tQ==}
    engines: {node: '>=8.0.0'}
    dev: false

  /avvio@8.2.1:
    resolution: {integrity: sha512-TAlMYvOuwGyLK3PfBb5WKBXZmXz2fVCgv23d6zZFdle/q3gPjmxBaeuC0pY0Dzs5PWMSgfqqEZkrye19GlDTgw==}
    dependencies:
      archy: 1.0.0
      debug: 4.3.4
      fastq: 1.15.0
    transitivePeerDependencies:
      - supports-color
    dev: false

  /balanced-match@1.0.2:
    resolution: {integrity: sha512-3oSeUO0TMV67hN1AmbXsK4yaqU7tjiHlbxRDZOpH0KW9+CeX4bRAaX0Anxt0tx2MrpRpWwQaPwIlISEJhYU5Pw==}
    dev: false

  /base-64@0.1.0:
    resolution: {integrity: sha512-Y5gU45svrR5tI2Vt/X9GPd3L0HNIKzGu202EjxrXMpuc2V2CiKgemAbUUsqYmZJvPtCXoUKjNZwBJzsNScUbXA==}
    dev: false

  /base64-js@1.5.1:
    resolution: {integrity: sha512-AKpaYlHn8t4SVbOHCy+b5+KKgvR4vrsD8vbvrbiQJps7fKDTkjkDry6ji0rUJjC0kzbNePLwzxq8iypo41qeWA==}
    dev: false

  /binary-extensions@2.2.0:
    resolution: {integrity: sha512-jDctJ/IVQbZoJykoeHbhXpOlNBqGNcwXJKJog42E5HDPUwQTSdjCHdihjj0DlnheQ7blbT6dHOafNAiS8ooQKA==}
    engines: {node: '>=8'}
    dev: false

  /binary-search@1.3.6:
    resolution: {integrity: sha512-nbE1WxOTTrUWIfsfZ4aHGYu5DOuNkbxGokjV6Z2kxfJK3uaAb8zNK1muzOeipoLHZjInT4Br88BHpzevc681xA==}
    dev: false

  /brace-expansion@1.1.11:
    resolution: {integrity: sha512-iCuPHDFgrHX7H2vEI/5xpz07zSHB00TpugqhmYtVmMO6518mCuRMoOYFldEBl0g187ufozdaHgWKcYFb61qGiA==}
    dependencies:
      balanced-match: 1.0.2
      concat-map: 0.0.1
    dev: false

  /buffer-writer@2.0.0:
    resolution: {integrity: sha512-a7ZpuTZU1TRtnwyCNW3I5dc0wWNC3VR9S++Ewyk2HHZdrO3CQJqSpd+95Us590V6AL7JqUAH2IwZ/398PmNFgw==}
    engines: {node: '>=4'}
    dev: false

  /buffer@6.0.3:
    resolution: {integrity: sha512-FTiCpNxtwiZZHEZbcbTIcZjERVICn9yq/pDFkTl95/AxzD1naBctN7YO68riM/gLSDY7sdrMby8hofADYuuqOA==}
    dependencies:
      base64-js: 1.5.1
      ieee754: 1.2.1
    dev: false

  /bun-types@1.0.13:
    resolution: {integrity: sha512-QQH6NLAOU+2tWgQuDSAYBFy+kQwVhPJLB0Q38QLjCmFUZJEYCiiq7tzvU784LAIX2onzO6gr+gIGXt8yCt0cJw==}
    dev: true

  /camelcase@6.3.0:
    resolution: {integrity: sha512-Gmy6FhYlCY7uOElZUSbxo2UCDH8owEk996gkbrpsgGtrJLM3J7jGxl9Ic7Qwwj4ivOE5AWZWRMecDdF7hqGjFA==}
    engines: {node: '>=10'}
    dev: false

  /charenc@0.0.2:
    resolution: {integrity: sha512-yrLQ/yVUFXkzg7EDQsPieE/53+0RlaWTs+wBrvW36cyilJ2SaDWfl4Yj7MtLTXleV9uEKefbAGUPv2/iWSooRA==}
    dev: false

  /combined-stream@1.0.8:
    resolution: {integrity: sha512-FQN4MRfuJeHf7cBbBMJFXhKSDq+2kAArBlmRBvcvFE5BB1HZKXtSFASDhdlz9zOYwxh8lDdnvmMOe/+5cdoEdg==}
    engines: {node: '>= 0.8'}
    dependencies:
      delayed-stream: 1.0.0
    dev: false

  /commander@10.0.1:
    resolution: {integrity: sha512-y4Mg2tXshplEbSGzx7amzPwKKOCGuoSRP/CjEdwwk0FOGlUbq6lKuoyDZTNZkmxHdJtp54hdfY/JUrdL7Xfdug==}
    engines: {node: '>=14'}
    dev: false

  /concat-map@0.0.1:
    resolution: {integrity: sha512-/Srv4dswyQNBfohGpz9o6Yb3Gz3SrUDqBH5rTuhGR7ahtlbYKnVxw2bCFMRljaA7EXHaXZ8wsHdodFvbkhKmqg==}
    dev: false

  /cookie@0.5.0:
    resolution: {integrity: sha512-YZ3GUyn/o8gfKJlnlX7g7xq4gyO6OSuhGPKaaGssGB2qgDUS0gPgtTvoyZLTt9Ab6dC4hfc9dV5arkvc/OCmrw==}
    engines: {node: '>= 0.6'}
    dev: false

  /crypt@0.0.2:
    resolution: {integrity: sha512-mCxBlsHFYh9C+HVpiEacem8FEBnMXgU9gy4zmNC+SXAZNB/1idgp/aulFJ4FgCi7GPEVbfyng092GqL2k2rmow==}
    dev: false

  /debug@4.3.4:
    resolution: {integrity: sha512-PRWFHuSU3eDtQJPvnNY7Jcket1j0t5OuOsFzPPzsekD52Zl8qUfFIPEiswXqIvHWGVHOgX+7G/vCNNhehwxfkQ==}
    engines: {node: '>=6.0'}
    peerDependencies:
      supports-color: '*'
    peerDependenciesMeta:
      supports-color:
        optional: true
    dependencies:
      ms: 2.1.2
    dev: false

  /decamelize@1.2.0:
    resolution: {integrity: sha512-z2S+W9X73hAUUki+N+9Za2lBlun89zigOyGrsax+KUQ6wKW4ZoWpEYBkGhQjwAjjDCkWxhY0VKEhk8wzY7F5cA==}
    engines: {node: '>=0.10.0'}
    dev: false

  /delayed-stream@1.0.0:
    resolution: {integrity: sha512-ZySD7Nf91aLB0RxL4KGrKHBXl7Eds1DAmEdcoVawXnLD7SDhpNgtuII2aAkg7a7QS41jxPSZ17p4VdGnMHk3MQ==}
    engines: {node: '>=0.4.0'}
    dev: false

  /digest-fetch@1.3.0:
    resolution: {integrity: sha512-CGJuv6iKNM7QyZlM2T3sPAdZWd/p9zQiRNS9G+9COUCwzWFTs0Xp8NF5iePx7wtvhDykReiRRrSeNb4oMmB8lA==}
    dependencies:
      base-64: 0.1.0
      md5: 2.3.0
    dev: false

  /event-target-shim@5.0.1:
    resolution: {integrity: sha512-i/2XbnSz/uxRCU6+NdVJgKWDTM427+MqYbkQzD321DuCQJUqOuJKIA0IM2+W2xtYHdKOmZ4dR6fExsd4SXL+WQ==}
    engines: {node: '>=6'}
    dev: false

  /eventemitter3@4.0.7:
    resolution: {integrity: sha512-8guHBZCwKnFhYdHr2ysuRWErTwhoN2X8XELRlrRwpmfeY2jjuUN4taQMsULKUVo1K4DvZl+0pgfyoysHxvmvEw==}
    dev: false

  /events@3.3.0:
    resolution: {integrity: sha512-mQw+2fkQbALzQ7V0MY0IqdnXNOeTtP4r0lN9z7AAawCXgqea7bDii20AYrIBrFd/Hx0M2Ocz6S111CaFkUcb0Q==}
    engines: {node: '>=0.8.x'}
    dev: false

  /expr-eval@2.0.2:
    resolution: {integrity: sha512-4EMSHGOPSwAfBiibw3ndnP0AvjDWLsMvGOvWEZ2F96IGk0bIVdjQisOHxReSkE13mHcfbuCiXw+G4y0zv6N8Eg==}
    dev: false

  /fast-content-type-parse@1.1.0:
    resolution: {integrity: sha512-fBHHqSTFLVnR61C+gltJuE5GkVQMV0S2nqUO8TJ+5Z3qAKG8vAx4FKai1s5jq/inV1+sREynIWSuQ6HgoSXpDQ==}
    dev: false

  /fast-decode-uri-component@1.0.1:
    resolution: {integrity: sha512-WKgKWg5eUxvRZGwW8FvfbaH7AXSh2cL+3j5fMGzUMCxWBJ3dV3a7Wz8y2f/uQ0e3B6WmodD3oS54jTQ9HVTIIg==}
    dev: false

  /fast-deep-equal@3.1.3:
    resolution: {integrity: sha512-f3qQ9oQy9j2AhBe/H9VC91wLmKBCCU/gDOnKNAYG5hswO7BLKj09Hc5HYNz9cGI++xlpDCIgDaitVs03ATR84Q==}
    dev: false

  /fast-json-stringify@5.9.1:
    resolution: {integrity: sha512-NMrf+uU9UJnTzfxaumMDXK1NWqtPCfGoM9DYIE+ESlaTQqjlANFBy0VAbsm6FB88Mx0nceyi18zTo5kIEUlzxg==}
    dependencies:
      '@fastify/deepmerge': 1.3.0
      ajv: 8.12.0
      ajv-formats: 2.1.1(ajv@8.12.0)
      fast-deep-equal: 3.1.3
      fast-uri: 2.3.0
      json-schema-ref-resolver: 1.0.1
      rfdc: 1.3.0
    dev: false

  /fast-querystring@1.1.2:
    resolution: {integrity: sha512-g6KuKWmFXc0fID8WWH0jit4g0AGBoJhCkJMb1RmbsSEUNvQ+ZC8D6CUZ+GtF8nMzSPXnhiePyyqqipzNNEnHjg==}
    dependencies:
      fast-decode-uri-component: 1.0.1
    dev: false

  /fast-redact@3.3.0:
    resolution: {integrity: sha512-6T5V1QK1u4oF+ATxs1lWUmlEk6P2T9HqJG3e2DnHOdVgZy2rFJBoEnrIedcTXlkAHU/zKC+7KETJ+KGGKwxgMQ==}
    engines: {node: '>=6'}
    dev: false

  /fast-uri@2.3.0:
    resolution: {integrity: sha512-eel5UKGn369gGEWOqBShmFJWfq/xSJvsgDzgLYC845GneayWvXBf0lJCBn5qTABfewy1ZDPoaR5OZCP+kssfuw==}
    dev: false

  /fastify-plugin@4.5.1:
    resolution: {integrity: sha512-stRHYGeuqpEZTL1Ef0Ovr2ltazUT9g844X5z/zEBFLG8RYlpDiOCIG+ATvYEp+/zmc7sN29mcIMp8gvYplYPIQ==}
    dev: false

  /fastify@4.24.3:
    resolution: {integrity: sha512-6HHJ+R2x2LS3y1PqxnwEIjOTZxFl+8h4kSC/TuDPXtA+v2JnV9yEtOsNSKK1RMD7sIR2y1ZsA4BEFaid/cK5pg==}
    dependencies:
      '@fastify/ajv-compiler': 3.5.0
      '@fastify/error': 3.4.1
      '@fastify/fast-json-stringify-compiler': 4.3.0
      abstract-logging: 2.0.1
      avvio: 8.2.1
      fast-content-type-parse: 1.1.0
      fast-json-stringify: 5.9.1
      find-my-way: 7.7.0
      light-my-request: 5.11.0
      pino: 8.16.2
      process-warning: 2.3.1
      proxy-addr: 2.0.7
      rfdc: 1.3.0
      secure-json-parse: 2.7.0
      semver: 7.5.4
      toad-cache: 3.3.0
    transitivePeerDependencies:
      - supports-color
    dev: false

  /fastq@1.15.0:
    resolution: {integrity: sha512-wBrocU2LCXXa+lWBt8RoIRD89Fi8OdABODa/kEnyeyjS5aZO5/GNvI5sEINADqP/h8M29UHTHUb53sUu5Ihqdw==}
    dependencies:
      reusify: 1.0.4
    dev: false

  /find-my-way@7.7.0:
    resolution: {integrity: sha512-+SrHpvQ52Q6W9f3wJoJBbAQULJuNEEQwBvlvYwACDhBTLOTMiQ0HYWh4+vC3OivGP2ENcTI1oKlFA2OepJNjhQ==}
    engines: {node: '>=14'}
    dependencies:
      fast-deep-equal: 3.1.3
      fast-querystring: 1.1.2
      safe-regex2: 2.0.0
    dev: false

  /flat@5.0.2:
    resolution: {integrity: sha512-b6suED+5/3rTpUBdG1gupIl8MPFCAMA0QXwmljLhvCUKcUvdE4gWky9zpuGCcXHOsz4J9wPGNWq6OKpmIzz3hQ==}
    hasBin: true
    dev: false

  /form-data-encoder@1.7.2:
    resolution: {integrity: sha512-qfqtYan3rxrnCk1VYaA4H+Ms9xdpPqvLZa6xmMgFvhO32x7/3J/ExcTd6qpxM0vH2GdMI+poehyBZvqfMTto8A==}
    dev: false

  /form-data@4.0.0:
    resolution: {integrity: sha512-ETEklSGi5t0QMZuiXoA/Q6vcnxcLQP5vdugSpuAyi6SVGi2clPPp+xgEhuMaHC+zGgn31Kd235W35f7Hykkaww==}
    engines: {node: '>= 6'}
    dependencies:
      asynckit: 0.4.0
      combined-stream: 1.0.8
      mime-types: 2.1.35
    dev: false

  /formdata-node@4.4.1:
    resolution: {integrity: sha512-0iirZp3uVDjVGt9p49aTaqjk84TrglENEDuqfdlZQ1roC9CWlPk6Avf8EEnZNcAqPonwkG35x4n3ww/1THYAeQ==}
    engines: {node: '>= 12.20'}
    dependencies:
      node-domexception: 1.0.0
      web-streams-polyfill: 4.0.0-beta.3
    dev: false

  /forwarded@0.2.0:
    resolution: {integrity: sha512-buRG0fpBtRHSTCOASe6hD258tEubFoRLb4ZNA6NxMVHNw2gOcwHo9wyablzMzOA5z9xA9L1KNjk/Nt6MT9aYow==}
    engines: {node: '>= 0.6'}
    dev: false

  /fs.realpath@1.0.0:
    resolution: {integrity: sha512-OO0pH2lK6a0hZnAdau5ItzHPI6pUlvI7jMVnxUQRtw4owF2wk8lOSabtGDCTP4Ggrg2MbGnWO9X8K1t4+fGMDw==}
    dev: false

  /glob@7.2.3:
    resolution: {integrity: sha512-nFR0zLpU2YCaRxwoCJvL6UvCH2JFyFVIvwTLsIf21AuHlMskA1hhTdk+LlYJtOlYt9v6dvszD2BGRqBL+iQK9Q==}
    dependencies:
      fs.realpath: 1.0.0
      inflight: 1.0.6
      inherits: 2.0.4
      minimatch: 3.1.2
      once: 1.4.0
      path-is-absolute: 1.0.1
    dev: false

  /humanize-ms@1.2.1:
    resolution: {integrity: sha512-Fl70vYtsAFb/C06PTS9dZBo7ihau+Tu/DNCk/OyHhea07S+aeMWpFFkUaXRa8fI+ScZbEI8dfSxwY7gxZ9SAVQ==}
    dependencies:
      ms: 2.1.2
    dev: false

  /ieee754@1.2.1:
    resolution: {integrity: sha512-dcyqhDvX1C46lXZcVqCpK+FtMRQVdIMN6/Df5js2zouUsqG7I6sFxitIC+7KYK29KdXOLHdu9zL4sFnoVQnqaA==}
    dev: false

  /inflight@1.0.6:
    resolution: {integrity: sha512-k92I/b08q4wvFscXCLvqfsHCrjrF7yiXsQuIVvVE7N82W3+aqpzuUdBbfhWcy/FZR3/4IgflMgKLOsvPDrGCJA==}
    dependencies:
      once: 1.4.0
      wrappy: 1.0.2
    dev: false

  /inherits@2.0.4:
    resolution: {integrity: sha512-k/vGaX4/Yla3WzyMCvTQOXYeIHvqOKtnqBduzTHpzpQZzAskKMhZ2K+EnBiSM9zGSoIFeMpXKxa4dYeZIQqewQ==}
    dev: false

  /ipaddr.js@1.9.1:
    resolution: {integrity: sha512-0KI/607xoxSToH7GjN1FfSbLoU0+btTicjsQSWQlh/hZykN8KpmMf7uYwPW3R+akZ6R/w18ZlXSHBYXiYUPO3g==}
    engines: {node: '>= 0.10'}
    dev: false

  /is-any-array@2.0.1:
    resolution: {integrity: sha512-UtilS7hLRu++wb/WBAw9bNuP1Eg04Ivn1vERJck8zJthEvXCBEBpGR/33u/xLKWEQf95803oalHrVDptcAvFdQ==}
    dev: false

  /is-buffer@1.1.6:
    resolution: {integrity: sha512-NcdALwpXkTm5Zvvbk7owOUSvVvBKDgKP5/ewfXEznmQFfs4ZRmanOeKBTjRVjka3QFoN6XJ+9F3USqfHqTaU5w==}
    dev: false

  /js-tiktoken@1.0.8:
    resolution: {integrity: sha512-r7XK3E9/I+SOrbAGqb39pyO/rHAS1diAOSRAvaaLfHgXjkUSK9AiSd+r84Vn2f/GvXJYRAxKj8NHrUvqlaH5qg==}
    dependencies:
      base64-js: 1.5.1
    dev: false

  /js-yaml@4.1.0:
    resolution: {integrity: sha512-wpxZs9NoxZaJESJGIZTyDEaYpl0FKSA+FB9aJiyemKhMwkxQg63h4T1KJgUGHpTqPDNRcmmYLugrRjJlBtWvRA==}
    hasBin: true
    dependencies:
      argparse: 2.0.1
    dev: false

  /json-schema-ref-resolver@1.0.1:
    resolution: {integrity: sha512-EJAj1pgHc1hxF6vo2Z3s69fMjO1INq6eGHXZ8Z6wCQeldCuwxGK9Sxf4/cScGn3FZubCVUehfWtcDM/PLteCQw==}
    dependencies:
      fast-deep-equal: 3.1.3
    dev: false

  /json-schema-traverse@1.0.0:
    resolution: {integrity: sha512-NM8/P9n3XjXhIZn1lLhkFaACTOURQXjWhV4BA/RnOv8xvgqtqpAX9IO4mRQxSx1Rlo4tqzeqb0sOlruaOy3dug==}
    dev: false

  /jsonpointer@5.0.1:
    resolution: {integrity: sha512-p/nXbhSEcu3pZRdkW1OfJhpsVtW1gd4Wa1fnQc9YLiTfAjn0312eMKimbdIQzuZl9aa9xUGaRlP9T/CJE/ditQ==}
    engines: {node: '>=0.10.0'}
    dev: false

  /langchain@0.0.197-rc.1(pg@8.11.3):
    resolution: {integrity: sha512-KyIolBPL7LxktSUPPm0qvTJP0z5OTLzbk4zEJu55iNm3r5W8ucWUEnvv+kqJPubF+z2+b+aZoqT8+MevsFwfEA==}
    engines: {node: '>=18'}
    peerDependencies:
      '@aws-crypto/sha256-js': ^5.0.0
      '@aws-sdk/client-bedrock-runtime': ^3.422.0
      '@aws-sdk/client-dynamodb': ^3.310.0
      '@aws-sdk/client-kendra': ^3.352.0
      '@aws-sdk/client-lambda': ^3.310.0
      '@aws-sdk/client-s3': ^3.310.0
      '@aws-sdk/client-sagemaker-runtime': ^3.310.0
      '@aws-sdk/client-sfn': ^3.310.0
      '@aws-sdk/credential-provider-node': ^3.388.0
      '@azure/storage-blob': ^12.15.0
      '@clickhouse/client': ^0.0.14
      '@cloudflare/ai': ^1.0.12
      '@elastic/elasticsearch': ^8.4.0
      '@getmetal/metal-sdk': '*'
      '@getzep/zep-js': ^0.9.0
      '@gomomento/sdk': ^1.51.1
      '@gomomento/sdk-core': ^1.51.1
      '@gomomento/sdk-web': ^1.51.1
      '@google-ai/generativelanguage': ^0.2.1
      '@google-cloud/storage': ^6.10.1
      '@huggingface/inference': ^2.6.4
      '@mozilla/readability': '*'
      '@notionhq/client': ^2.2.10
      '@opensearch-project/opensearch': '*'
      '@pinecone-database/pinecone': ^1.1.0
      '@planetscale/database': ^1.8.0
      '@qdrant/js-client-rest': ^1.2.0
      '@raycast/api': ^1.55.2
      '@rockset/client': ^0.9.1
      '@smithy/eventstream-codec': ^2.0.5
      '@smithy/protocol-http': ^3.0.6
      '@smithy/signature-v4': ^2.0.10
      '@smithy/util-utf8': ^2.0.0
      '@supabase/postgrest-js': ^1.1.1
      '@supabase/supabase-js': ^2.10.0
      '@tensorflow-models/universal-sentence-encoder': '*'
      '@tensorflow/tfjs-converter': '*'
      '@tensorflow/tfjs-core': '*'
      '@upstash/redis': ^1.20.6
      '@vercel/kv': ^0.2.3
      '@vercel/postgres': ^0.5.0
      '@writerai/writer-sdk': ^0.40.2
      '@xata.io/client': ^0.25.1
      '@xenova/transformers': ^2.5.4
      '@zilliz/milvus2-sdk-node': '>=2.2.7'
      apify-client: ^2.7.1
      assemblyai: ^2.0.2
      axios: '*'
      cassandra-driver: ^4.7.2
      cheerio: ^1.0.0-rc.12
      chromadb: '*'
      closevector-common: 0.1.0-alpha.1
      closevector-node: 0.1.0-alpha.10
      closevector-web: 0.1.0-alpha.16
      cohere-ai: '>=6.0.0'
      convex: ^1.3.1
      d3-dsv: ^2.0.0
      epub2: ^3.0.1
      faiss-node: ^0.5.1
      fast-xml-parser: ^4.2.7
      firebase-admin: ^11.9.0
      google-auth-library: ^8.9.0
      googleapis: ^126.0.1
      hnswlib-node: ^1.4.2
      html-to-text: ^9.0.5
      ignore: ^5.2.0
      ioredis: ^5.3.2
      jsdom: '*'
      llmonitor: ^0.5.9
      lodash: ^4.17.21
      mammoth: '*'
      mongodb: ^5.2.0
      mysql2: ^3.3.3
      neo4j-driver: '*'
      node-llama-cpp: '*'
      notion-to-md: ^3.1.0
      pdf-parse: 1.1.1
      peggy: ^3.0.2
      pg: ^8.11.0
      pg-copy-streams: ^6.0.5
      pickleparser: ^0.2.1
      playwright: ^1.32.1
      portkey-ai: ^0.1.11
      puppeteer: ^19.7.2
      redis: ^4.6.4
      replicate: ^0.18.0
      sonix-speech-recognition: ^2.1.1
      srt-parser-2: ^1.2.2
      typeorm: ^0.3.12
      typesense: ^1.5.3
      usearch: ^1.1.1
      vectordb: ^0.1.4
      voy-search: 0.6.2
      weaviate-ts-client: ^1.4.0
      web-auth-library: ^1.0.3
      ws: ^8.14.2
      youtube-transcript: ^1.0.6
      youtubei.js: ^5.8.0
    peerDependenciesMeta:
      '@aws-crypto/sha256-js':
        optional: true
      '@aws-sdk/client-bedrock-runtime':
        optional: true
      '@aws-sdk/client-dynamodb':
        optional: true
      '@aws-sdk/client-kendra':
        optional: true
      '@aws-sdk/client-lambda':
        optional: true
      '@aws-sdk/client-s3':
        optional: true
      '@aws-sdk/client-sagemaker-runtime':
        optional: true
      '@aws-sdk/client-sfn':
        optional: true
      '@aws-sdk/credential-provider-node':
        optional: true
      '@azure/storage-blob':
        optional: true
      '@clickhouse/client':
        optional: true
      '@cloudflare/ai':
        optional: true
      '@elastic/elasticsearch':
        optional: true
      '@getmetal/metal-sdk':
        optional: true
      '@getzep/zep-js':
        optional: true
      '@gomomento/sdk':
        optional: true
      '@gomomento/sdk-core':
        optional: true
      '@gomomento/sdk-web':
        optional: true
      '@google-ai/generativelanguage':
        optional: true
      '@google-cloud/storage':
        optional: true
      '@huggingface/inference':
        optional: true
      '@mozilla/readability':
        optional: true
      '@notionhq/client':
        optional: true
      '@opensearch-project/opensearch':
        optional: true
      '@pinecone-database/pinecone':
        optional: true
      '@planetscale/database':
        optional: true
      '@qdrant/js-client-rest':
        optional: true
      '@raycast/api':
        optional: true
      '@rockset/client':
        optional: true
      '@smithy/eventstream-codec':
        optional: true
      '@smithy/protocol-http':
        optional: true
      '@smithy/signature-v4':
        optional: true
      '@smithy/util-utf8':
        optional: true
      '@supabase/postgrest-js':
        optional: true
      '@supabase/supabase-js':
        optional: true
      '@tensorflow-models/universal-sentence-encoder':
        optional: true
      '@tensorflow/tfjs-converter':
        optional: true
      '@tensorflow/tfjs-core':
        optional: true
      '@upstash/redis':
        optional: true
      '@vercel/kv':
        optional: true
      '@vercel/postgres':
        optional: true
      '@writerai/writer-sdk':
        optional: true
      '@xata.io/client':
        optional: true
      '@xenova/transformers':
        optional: true
      '@zilliz/milvus2-sdk-node':
        optional: true
      apify-client:
        optional: true
      assemblyai:
        optional: true
      axios:
        optional: true
      cassandra-driver:
        optional: true
      cheerio:
        optional: true
      chromadb:
        optional: true
      closevector-common:
        optional: true
      closevector-node:
        optional: true
      closevector-web:
        optional: true
      cohere-ai:
        optional: true
      convex:
        optional: true
      d3-dsv:
        optional: true
      epub2:
        optional: true
      faiss-node:
        optional: true
      fast-xml-parser:
        optional: true
      firebase-admin:
        optional: true
      google-auth-library:
        optional: true
      googleapis:
        optional: true
      hnswlib-node:
        optional: true
      html-to-text:
        optional: true
      ignore:
        optional: true
      ioredis:
        optional: true
      jsdom:
        optional: true
      llmonitor:
        optional: true
      lodash:
        optional: true
      mammoth:
        optional: true
      mongodb:
        optional: true
      mysql2:
        optional: true
      neo4j-driver:
        optional: true
      node-llama-cpp:
        optional: true
      notion-to-md:
        optional: true
      pdf-parse:
        optional: true
      peggy:
        optional: true
      pg:
        optional: true
      pg-copy-streams:
        optional: true
      pickleparser:
        optional: true
      playwright:
        optional: true
      portkey-ai:
        optional: true
      puppeteer:
        optional: true
      redis:
        optional: true
      replicate:
        optional: true
      sonix-speech-recognition:
        optional: true
      srt-parser-2:
        optional: true
      typeorm:
        optional: true
      typesense:
        optional: true
      usearch:
        optional: true
      vectordb:
        optional: true
      voy-search:
        optional: true
      weaviate-ts-client:
        optional: true
      web-auth-library:
        optional: true
      ws:
        optional: true
      youtube-transcript:
        optional: true
      youtubei.js:
        optional: true
    dependencies:
      '@langchain/anthropic': 0.0.3
      '@langchain/core': 0.0.1
      '@langchain/openai': 0.0.1(zod@3.22.4)
      binary-extensions: 2.2.0
      expr-eval: 2.0.2
      flat: 5.0.2
      js-tiktoken: 1.0.8
      js-yaml: 4.1.0
      jsonpointer: 5.0.1
      langchainhub: 0.0.6
      langsmith: 0.0.48
      ml-distance: 4.0.1
      openapi-types: 12.1.3
      p-retry: 4.6.2
      pg: 8.11.3
      uuid: 9.0.1
      yaml: 2.3.4
      zod: 3.22.4
      zod-to-json-schema: 3.20.3(zod@3.22.4)
    transitivePeerDependencies:
      - encoding
    dev: false

  /langchainhub@0.0.6:
    resolution: {integrity: sha512-SW6105T+YP1cTe0yMf//7kyshCgvCTyFBMTgH2H3s9rTAR4e+78DA/BBrUL/Mt4Q5eMWui7iGuAYb3pgGsdQ9w==}
    dev: false

  /langsmith@0.0.48:
    resolution: {integrity: sha512-s0hW8iZ90Q9XLTnDK0Pgee245URV3b1cXQjPDj5OKm1+KN7iSK1pKx+4CO7RcFLz58Ixe7Mt+mVcomYqUuryxQ==}
    hasBin: true
    dependencies:
      '@types/uuid': 9.0.7
      commander: 10.0.1
      p-queue: 6.6.2
      p-retry: 4.6.2
      uuid: 9.0.1
    dev: false

  /light-my-request@5.11.0:
    resolution: {integrity: sha512-qkFCeloXCOMpmEdZ/MV91P8AT4fjwFXWaAFz3lUeStM8RcoM1ks4J/F8r1b3r6y/H4u3ACEJ1T+Gv5bopj7oDA==}
    dependencies:
      cookie: 0.5.0
      process-warning: 2.3.1
      set-cookie-parser: 2.6.0
    dev: false

  /lru-cache@6.0.0:
    resolution: {integrity: sha512-Jo6dJ04CmSjuznwJSS3pUeWmd/H0ffTlkXXgwZi+eq1UCmqQwCh+eLsYOYCwY991i2Fah4h1BEMCx4qThGbsiA==}
    engines: {node: '>=10'}
    dependencies:
      yallist: 4.0.0
    dev: false

  /md5@2.3.0:
    resolution: {integrity: sha512-T1GITYmFaKuO91vxyoQMFETst+O71VUPEU3ze5GNzDm0OWdP8v1ziTaAEPUr/3kLsY3Sftgz242A1SetQiDL7g==}
    dependencies:
      charenc: 0.0.2
      crypt: 0.0.2
      is-buffer: 1.1.6
    dev: false

  /mime-db@1.52.0:
    resolution: {integrity: sha512-sPU4uV7dYlvtWJxwwxHD0PuihVNiE7TyAbQ5SWxDCB9mUYvOgroQOwYQQOKPJ8CIbE+1ETVlOoK1UC2nU3gYvg==}
    engines: {node: '>= 0.6'}
    dev: false

  /mime-types@2.1.35:
    resolution: {integrity: sha512-ZDY+bPm5zTTF+YpCrAU9nK0UgICYPT0QtT1NZWFv4s++TNkcgVaT0g6+4R2uI4MjQjzysHB1zxuWL50hzaeXiw==}
    engines: {node: '>= 0.6'}
    dependencies:
      mime-db: 1.52.0
    dev: false

  /minimatch@3.1.2:
    resolution: {integrity: sha512-J7p63hRiAjw1NDEww1W7i37+ByIrOWO5XQQAzZ3VOcL0PNybwpfmV/N05zFAzwQ9USyEcX6t3UO+K5aqBQOIHw==}
    dependencies:
      brace-expansion: 1.1.11
    dev: false

  /ml-array-mean@1.1.6:
    resolution: {integrity: sha512-MIdf7Zc8HznwIisyiJGRH9tRigg3Yf4FldW8DxKxpCCv/g5CafTw0RRu51nojVEOXuCQC7DRVVu5c7XXO/5joQ==}
    dependencies:
      ml-array-sum: 1.1.6
    dev: false

  /ml-array-sum@1.1.6:
    resolution: {integrity: sha512-29mAh2GwH7ZmiRnup4UyibQZB9+ZLyMShvt4cH4eTK+cL2oEMIZFnSyB3SS8MlsTh6q/w/yh48KmqLxmovN4Dw==}
    dependencies:
      is-any-array: 2.0.1
    dev: false

  /ml-distance-euclidean@2.0.0:
    resolution: {integrity: sha512-yC9/2o8QF0A3m/0IXqCTXCzz2pNEzvmcE/9HFKOZGnTjatvBbsn4lWYJkxENkA4Ug2fnYl7PXQxnPi21sgMy/Q==}
    dev: false

  /ml-distance@4.0.1:
    resolution: {integrity: sha512-feZ5ziXs01zhyFUUUeZV5hwc0f5JW0Sh0ckU1koZe/wdVkJdGxcP06KNQuF0WBTj8FttQUzcvQcpcrOp/XrlEw==}
    dependencies:
      ml-array-mean: 1.1.6
      ml-distance-euclidean: 2.0.0
      ml-tree-similarity: 1.0.0
    dev: false

  /ml-tree-similarity@1.0.0:
    resolution: {integrity: sha512-XJUyYqjSuUQkNQHMscr6tcjldsOoAekxADTplt40QKfwW6nd++1wHWV9AArl0Zvw/TIHgNaZZNvr8QGvE8wLRg==}
    dependencies:
      binary-search: 1.3.6
      num-sort: 2.1.0
    dev: false

  /ms@2.1.2:
    resolution: {integrity: sha512-sGkPx+VjMtmA6MX27oA4FBFELFCZZ4S4XqeGOXCv68tT+jb3vk/RyaKWP0PTKyWtmLSM0b+adUTEvbs1PEaH2w==}
    dev: false

  /node-domexception@1.0.0:
    resolution: {integrity: sha512-/jKZoMpw0F8GRwl4/eLROPA3cfcXtLApP0QzLmUT/HuPCZWyB7IY9ZrMeKw2O/nFIqPQB3PVM9aYm0F312AXDQ==}
    engines: {node: '>=10.5.0'}
    dev: false

  /node-fetch@2.7.0:
    resolution: {integrity: sha512-c4FRfUm/dbcWZ7U+1Wq0AwCyFL+3nt2bEw05wfxSz+DWpWsitgmSgYmy2dQdWyKC1694ELPqMs/YzUSNozLt8A==}
    engines: {node: 4.x || >=6.0.0}
    peerDependencies:
      encoding: ^0.1.0
    peerDependenciesMeta:
      encoding:
        optional: true
    dependencies:
      whatwg-url: 5.0.0
    dev: false

  /num-sort@2.1.0:
    resolution: {integrity: sha512-1MQz1Ed8z2yckoBeSfkQHHO9K1yDRxxtotKSJ9yvcTUUxSvfvzEq5GwBrjjHEpMlq/k5gvXdmJ1SbYxWtpNoVg==}
    engines: {node: '>=8'}
    dev: false

  /obuf@1.1.2:
    resolution: {integrity: sha512-PX1wu0AmAdPqOL1mWhqmlOd8kOIZQwGZw6rh7uby9fTc5lhaOWFLX3I6R1hrF9k3zUY40e6igsLGkDXK92LJNg==}
    dev: true

  /on-exit-leak-free@2.1.2:
    resolution: {integrity: sha512-0eJJY6hXLGf1udHwfNftBqH+g73EU4B504nZeKpz1sYRKafAghwxEJunB2O7rDZkL4PGfsMVnTXZ2EjibbqcsA==}
    engines: {node: '>=14.0.0'}
    dev: false

  /once@1.4.0:
    resolution: {integrity: sha512-lNaJgI+2Q5URQBkccEKHTQOPaXdUxnZZElQTZY0MFUAuaEqe1E+Nyvgdz/aIyNi6Z9MzO5dv1H8n58/GELp3+w==}
    dependencies:
      wrappy: 1.0.2
    dev: false

  /openai@4.20.0:
    resolution: {integrity: sha512-VbAYerNZFfIIeESS+OL9vgDkK8Mnri55n+jN0UN/HZeuM0ghGh6nDN6UGRZxslNgyJ7XmY/Ca9DO4YYyvrszGA==}
    hasBin: true
    dependencies:
      '@types/node': 18.18.13
      '@types/node-fetch': 2.6.9
      abort-controller: 3.0.0
      agentkeepalive: 4.5.0
      digest-fetch: 1.3.0
      form-data-encoder: 1.7.2
      formdata-node: 4.4.1
      node-fetch: 2.7.0
      web-streams-polyfill: 3.2.1
    transitivePeerDependencies:
      - encoding
    dev: false

  /openapi-types@12.1.3:
    resolution: {integrity: sha512-N4YtSYJqghVu4iek2ZUvcN/0aqH1kRDuNqzcycDxhOUpg7GdvLa2F3DgS6yBNhInhv2r/6I0Flkn7CqL8+nIcw==}
    dev: false

  /p-finally@1.0.0:
    resolution: {integrity: sha512-LICb2p9CB7FS+0eR1oqWnHhp0FljGLZCWBE9aix0Uye9W8LTQPwMTYVGWQWIw9RdQiDg4+epXQODwIYJtSJaow==}
    engines: {node: '>=4'}
    dev: false

  /p-queue@6.6.2:
    resolution: {integrity: sha512-RwFpb72c/BhQLEXIZ5K2e+AhgNVmIejGlTgiB9MzZ0e93GRvqZ7uSi0dvRF7/XIXDeNkra2fNHBxTyPDGySpjQ==}
    engines: {node: '>=8'}
    dependencies:
      eventemitter3: 4.0.7
      p-timeout: 3.2.0
    dev: false

  /p-retry@4.6.2:
    resolution: {integrity: sha512-312Id396EbJdvRONlngUx0NydfrIQ5lsYu0znKVUzVvArzEIt08V1qhtyESbGVd1FGX7UKtiFp5uwKZdM8wIuQ==}
    engines: {node: '>=8'}
    dependencies:
      '@types/retry': 0.12.0
      retry: 0.13.1
    dev: false

  /p-timeout@3.2.0:
    resolution: {integrity: sha512-rhIwUycgwwKcP9yTOOFK/AKsAopjjCakVqLHePO3CC6Mir1Z99xT+R63jZxAT5lFZLa2inS5h+ZS2GvR99/FBg==}
    engines: {node: '>=8'}
    dependencies:
      p-finally: 1.0.0
    dev: false

  /packet-reader@1.0.0:
    resolution: {integrity: sha512-HAKu/fG3HpHFO0AA8WE8q2g+gBJaZ9MG7fcKk+IJPLTGAD6Psw4443l+9DGRbOIh3/aXr7Phy0TjilYivJo5XQ==}
    dev: false

  /path-is-absolute@1.0.1:
    resolution: {integrity: sha512-AVbw3UJ2e9bq64vSaS9Am0fje1Pa8pbGqTTsmXfaIiMpnr5DlDhfJOuLj9Sf95ZPVDAUerDfEk88MPmPe7UCQg==}
    engines: {node: '>=0.10.0'}
    dev: false

  /pg-cloudflare@1.1.1:
    resolution: {integrity: sha512-xWPagP/4B6BgFO+EKz3JONXv3YDgvkbVrGw2mTo3D6tVDQRh1e7cqVGvyR3BE+eQgAvx1XhW/iEASj4/jCWl3Q==}
    requiresBuild: true
    dev: false
    optional: true

  /pg-connection-string@2.6.2:
    resolution: {integrity: sha512-ch6OwaeaPYcova4kKZ15sbJ2hKb/VP48ZD2gE7i1J+L4MspCtBMAx8nMgz7bksc7IojCIIWuEhHibSMFH8m8oA==}
    dev: false

  /pg-int8@1.0.1:
    resolution: {integrity: sha512-WCtabS6t3c8SkpDBUlb1kjOs7l66xsGdKpIPZsg4wR+B3+u9UAum2odSsF9tnvxg80h4ZxLWMy4pRjOsFIqQpw==}
    engines: {node: '>=4.0.0'}

  /pg-numeric@1.0.2:
    resolution: {integrity: sha512-BM/Thnrw5jm2kKLE5uJkXqqExRUY/toLHda65XgFTBTFYZyopbKjBe29Ii3RbkvlsMoFwD+tHeGaCjjv0gHlyw==}
    engines: {node: '>=4'}
    dev: true

  /pg-pool@3.6.1(pg@8.11.3):
    resolution: {integrity: sha512-jizsIzhkIitxCGfPRzJn1ZdcosIt3pz9Sh3V01fm1vZnbnCMgmGl5wvGGdNN2EL9Rmb0EcFoCkixH4Pu+sP9Og==}
    peerDependencies:
      pg: '>=8.0'
    dependencies:
      pg: 8.11.3
    dev: false

  /pg-protocol@1.6.0:
    resolution: {integrity: sha512-M+PDm637OY5WM307051+bsDia5Xej6d9IR4GwJse1qA1DIhiKlksvrneZOYQq42OM+spubpcNYEo2FcKQrDk+Q==}

  /pg-types@2.2.0:
    resolution: {integrity: sha512-qTAAlrEsl8s4OiEQY69wDvcMIdQN6wdz5ojQiOy6YRMuynxenON0O5oCpJI6lshc6scgAY8qvJ2On/p+CXY0GA==}
    engines: {node: '>=4'}
    dependencies:
      pg-int8: 1.0.1
      postgres-array: 2.0.0
      postgres-bytea: 1.0.0
      postgres-date: 1.0.7
      postgres-interval: 1.2.0
    dev: false

  /pg-types@4.0.1:
    resolution: {integrity: sha512-hRCSDuLII9/LE3smys1hRHcu5QGcLs9ggT7I/TCs0IE+2Eesxi9+9RWAAwZ0yaGjxoWICF/YHLOEjydGujoJ+g==}
    engines: {node: '>=10'}
    dependencies:
      pg-int8: 1.0.1
      pg-numeric: 1.0.2
      postgres-array: 3.0.2
      postgres-bytea: 3.0.0
      postgres-date: 2.0.1
      postgres-interval: 3.0.0
      postgres-range: 1.1.3
    dev: true

  /pg@8.11.3:
    resolution: {integrity: sha512-+9iuvG8QfaaUrrph+kpF24cXkH1YOOUeArRNYIxq1viYHZagBxrTno7cecY1Fa44tJeZvaoG+Djpkc3JwehN5g==}
    engines: {node: '>= 8.0.0'}
    peerDependencies:
      pg-native: '>=3.0.1'
    peerDependenciesMeta:
      pg-native:
        optional: true
    dependencies:
      buffer-writer: 2.0.0
      packet-reader: 1.0.0
      pg-connection-string: 2.6.2
      pg-pool: 3.6.1(pg@8.11.3)
      pg-protocol: 1.6.0
      pg-types: 2.2.0
      pgpass: 1.0.5
    optionalDependencies:
      pg-cloudflare: 1.1.1
    dev: false

  /pgpass@1.0.5:
    resolution: {integrity: sha512-FdW9r/jQZhSeohs1Z3sI1yxFQNFvMcnmfuj4WBMUTxOrAyLMaTcE1aAMBiTlbMNaXvBCQuVi0R7hd8udDSP7ug==}
    dependencies:
      split2: 4.2.0
    dev: false

  /pino-abstract-transport@1.1.0:
    resolution: {integrity: sha512-lsleG3/2a/JIWUtf9Q5gUNErBqwIu1tUKTT3dUzaf5DySw9ra1wcqKjJjLX1VTY64Wk1eEOYsVGSaGfCK85ekA==}
    dependencies:
      readable-stream: 4.4.2
      split2: 4.2.0
    dev: false

  /pino-std-serializers@6.2.2:
    resolution: {integrity: sha512-cHjPPsE+vhj/tnhCy/wiMh3M3z3h/j15zHQX+S9GkTBgqJuTuJzYJ4gUyACLhDaJ7kk9ba9iRDmbH2tJU03OiA==}
    dev: false

  /pino@8.16.2:
    resolution: {integrity: sha512-2advCDGVEvkKu9TTVSa/kWW7Z3htI/sBKEZpqiHk6ive0i/7f5b1rsU8jn0aimxqfnSz5bj/nOYkwhBUn5xxvg==}
    hasBin: true
    dependencies:
      atomic-sleep: 1.0.0
      fast-redact: 3.3.0
      on-exit-leak-free: 2.1.2
      pino-abstract-transport: 1.1.0
      pino-std-serializers: 6.2.2
      process-warning: 2.3.1
      quick-format-unescaped: 4.0.4
      real-require: 0.2.0
      safe-stable-stringify: 2.4.3
      sonic-boom: 3.7.0
      thread-stream: 2.4.1
    dev: false

  /postgrator@7.2.0:
    resolution: {integrity: sha512-rVi/X5//51Sj5SWsBb2knBn/GCWdFOXRdq4VATnNePLK1h2774j0byr5tsDDb5B+UWVAZftjq5VYCQaB6dXMWw==}
    engines: {node: '>=14.0.0'}
    dependencies:
      glob: 7.2.3
    dev: false

  /postgres-array@2.0.0:
    resolution: {integrity: sha512-VpZrUqU5A69eQyW2c5CA1jtLecCsN2U/bD6VilrFDWq5+5UIEVO7nazS3TEcHf1zuPYO/sqGvUvW62g86RXZuA==}
    engines: {node: '>=4'}
    dev: false

  /postgres-array@3.0.2:
    resolution: {integrity: sha512-6faShkdFugNQCLwucjPcY5ARoW1SlbnrZjmGl0IrrqewpvxvhSLHimCVzqeuULCbG0fQv7Dtk1yDbG3xv7Veog==}
    engines: {node: '>=12'}
    dev: true

  /postgres-bytea@1.0.0:
    resolution: {integrity: sha512-xy3pmLuQqRBZBXDULy7KbaitYqLcmxigw14Q5sj8QBVLqEwXfeybIKVWiqAXTlcvdvb0+xkOtDbfQMOf4lST1w==}
    engines: {node: '>=0.10.0'}
    dev: false

  /postgres-bytea@3.0.0:
    resolution: {integrity: sha512-CNd4jim9RFPkObHSjVHlVrxoVQXz7quwNFpz7RY1okNNme49+sVyiTvTRobiLV548Hx/hb1BG+iE7h9493WzFw==}
    engines: {node: '>= 6'}
    dependencies:
      obuf: 1.1.2
    dev: true

  /postgres-date@1.0.7:
    resolution: {integrity: sha512-suDmjLVQg78nMK2UZ454hAG+OAW+HQPZ6n++TNDUX+L0+uUlLywnoxJKDou51Zm+zTCjrCl0Nq6J9C5hP9vK/Q==}
    engines: {node: '>=0.10.0'}
    dev: false

  /postgres-date@2.0.1:
    resolution: {integrity: sha512-YtMKdsDt5Ojv1wQRvUhnyDJNSr2dGIC96mQVKz7xufp07nfuFONzdaowrMHjlAzY6GDLd4f+LUHHAAM1h4MdUw==}
    engines: {node: '>=12'}
    dev: true

  /postgres-interval@1.2.0:
    resolution: {integrity: sha512-9ZhXKM/rw350N1ovuWHbGxnGh/SNJ4cnxHiM0rxE4VN41wsg8P8zWn9hv/buK00RP4WvlOyr/RBDiptyxVbkZQ==}
    engines: {node: '>=0.10.0'}
    dependencies:
      xtend: 4.0.2
    dev: false

  /postgres-interval@3.0.0:
    resolution: {integrity: sha512-BSNDnbyZCXSxgA+1f5UU2GmwhoI0aU5yMxRGO8CdFEcY2BQF9xm/7MqKnYoM1nJDk8nONNWDk9WeSmePFhQdlw==}
    engines: {node: '>=12'}
    dev: true

  /postgres-range@1.1.3:
    resolution: {integrity: sha512-VdlZoocy5lCP0c/t66xAfclglEapXPCIVhqqJRncYpvbCgImF0w67aPKfbqUMr72tO2k5q0TdTZwCLjPTI6C9g==}
    dev: true

  /process-warning@2.3.1:
    resolution: {integrity: sha512-JjBvFEn7MwFbzUDa2SRtKJSsyO0LlER4V/FmwLMhBlXNbGgGxdyFCxIdMDLerWUycsVUyaoM9QFLvppFy4IWaQ==}
    dev: false

  /process@0.11.10:
    resolution: {integrity: sha512-cdGef/drWFoydD1JsMzuFf8100nZl+GT+yacc2bEced5f9Rjk4z+WtFUTBu9PhOi9j/jfmBPu0mMEY4wIdAF8A==}
    engines: {node: '>= 0.6.0'}
    dev: false

  /proxy-addr@2.0.7:
    resolution: {integrity: sha512-llQsMLSUDUPT44jdrU/O37qlnifitDP+ZwrmmZcoSKyLKvtZxpyV0n2/bD/N4tBAAZ/gJEdZU7KMraoK1+XYAg==}
    engines: {node: '>= 0.10'}
    dependencies:
      forwarded: 0.2.0
      ipaddr.js: 1.9.1
    dev: false

  /punycode@2.3.1:
    resolution: {integrity: sha512-vYt7UD1U9Wg6138shLtLOvdAu+8DsC/ilFtEVHcH+wydcSpNE20AfSOduf6MkRFahL5FY7X1oU7nKVZFtfq8Fg==}
    engines: {node: '>=6'}
    dev: false

  /quick-format-unescaped@4.0.4:
    resolution: {integrity: sha512-tYC1Q1hgyRuHgloV/YXs2w15unPVh8qfu/qCTfhTYamaw7fyhumKa2yGpdSo87vY32rIclj+4fWYQXUMs9EHvg==}
    dev: false

  /readable-stream@4.4.2:
    resolution: {integrity: sha512-Lk/fICSyIhodxy1IDK2HazkeGjSmezAWX2egdtJnYhtzKEsBPJowlI6F6LPb5tqIQILrMbx22S5o3GuJavPusA==}
    engines: {node: ^12.22.0 || ^14.17.0 || >=16.0.0}
    dependencies:
      abort-controller: 3.0.0
      buffer: 6.0.3
      events: 3.3.0
      process: 0.11.10
      string_decoder: 1.3.0
    dev: false

  /real-require@0.2.0:
    resolution: {integrity: sha512-57frrGM/OCTLqLOAh0mhVA9VBMHd+9U7Zb2THMGdBUoZVOtGbJzjxsYGDJ3A9AYYCP4hn6y1TVbaOfzWtm5GFg==}
    engines: {node: '>= 12.13.0'}
    dev: false

  /require-from-string@2.0.2:
    resolution: {integrity: sha512-Xf0nWe6RseziFMu+Ap9biiUbmplq6S9/p+7w7YXP/JBHhrUDDUhwa+vANyubuqfZWTveU//DYVGsDG7RKL/vEw==}
    engines: {node: '>=0.10.0'}
    dev: false

  /ret@0.2.2:
    resolution: {integrity: sha512-M0b3YWQs7R3Z917WRQy1HHA7Ba7D8hvZg6UE5mLykJxQVE2ju0IXbGlaHPPlkY+WN7wFP+wUMXmBFA0aV6vYGQ==}
    engines: {node: '>=4'}
    dev: false

  /retry@0.13.1:
    resolution: {integrity: sha512-XQBQ3I8W1Cge0Seh+6gjj03LbmRFWuoszgK9ooCpwYIrhhoO80pfq4cUkU5DkknwfOfFteRwlZ56PYOGYyFWdg==}
    engines: {node: '>= 4'}
    dev: false

  /reusify@1.0.4:
    resolution: {integrity: sha512-U9nH88a3fc/ekCF1l0/UP1IosiuIjyTh7hBvXVMHYgVcfGvt897Xguj2UOLDeI5BG2m7/uwyaLVT6fbtCwTyzw==}
    engines: {iojs: '>=1.0.0', node: '>=0.10.0'}
    dev: false

  /rfdc@1.3.0:
    resolution: {integrity: sha512-V2hovdzFbOi77/WajaSMXk2OLm+xNIeQdMMuB7icj7bk6zi2F8GGAxigcnDFpJHbNyNcgyJDiP+8nOrY5cZGrA==}
    dev: false

  /safe-buffer@5.2.1:
    resolution: {integrity: sha512-rp3So07KcdmmKbGvgaNxQSJr7bGVSVk5S9Eq1F+ppbRo70+YeaDxkw5Dd8NPN+GD6bjnYm2VuPuCXmpuYvmCXQ==}
    dev: false

  /safe-regex2@2.0.0:
    resolution: {integrity: sha512-PaUSFsUaNNuKwkBijoAPHAK6/eM6VirvyPWlZ7BAQy4D+hCvh4B6lIG+nPdhbFfIbP+gTGBcrdsOaUs0F+ZBOQ==}
    dependencies:
      ret: 0.2.2
    dev: false

  /safe-stable-stringify@2.4.3:
    resolution: {integrity: sha512-e2bDA2WJT0wxseVd4lsDP4+3ONX6HpMXQa1ZhFQ7SU+GjvORCmShbCMltrtIDfkYhVHrOcPtj+KhmDBdPdZD1g==}
    engines: {node: '>=10'}
    dev: false

  /secure-json-parse@2.7.0:
    resolution: {integrity: sha512-6aU+Rwsezw7VR8/nyvKTx8QpWH9FrcYiXXlqC4z5d5XQBDRqtbfsRjnwGyqbi3gddNtWHuEk9OANUotL26qKUw==}
    dev: false

  /semver@7.5.4:
    resolution: {integrity: sha512-1bCSESV6Pv+i21Hvpxp3Dx+pSD8lIPt8uVjRrxAUt/nbswYc+tK6Y2btiULjd4+fnq15PX+nqQDC7Oft7WkwcA==}
    engines: {node: '>=10'}
    hasBin: true
    dependencies:
      lru-cache: 6.0.0
    dev: false

  /set-cookie-parser@2.6.0:
    resolution: {integrity: sha512-RVnVQxTXuerk653XfuliOxBP81Sf0+qfQE73LIYKcyMYHG94AuH0kgrQpRDuTZnSmjpysHmzxJXKNfa6PjFhyQ==}
    dev: false

  /sonic-boom@3.7.0:
    resolution: {integrity: sha512-IudtNvSqA/ObjN97tfgNmOKyDOs4dNcg4cUUsHDebqsgb8wGBBwb31LIgShNO8fye0dFI52X1+tFoKKI6Rq1Gg==}
    dependencies:
      atomic-sleep: 1.0.0
    dev: false

  /split2@4.2.0:
    resolution: {integrity: sha512-UcjcJOWknrNkF6PLX83qcHM6KHgVKNkV62Y8a5uYDVv9ydGQVwAHMKqHdJje1VTWpljG0WYpCDhrCdAOYH4TWg==}
    engines: {node: '>= 10.x'}
    dev: false

  /string_decoder@1.3.0:
    resolution: {integrity: sha512-hkRX8U1WjJFd8LsDJ2yQ/wWWxaopEsABU1XfkM8A+j0+85JAGppt16cr1Whg6KIbb4okU6Mql6BOj+uup/wKeA==}
    dependencies:
      safe-buffer: 5.2.1
    dev: false

  /thread-stream@2.4.1:
    resolution: {integrity: sha512-d/Ex2iWd1whipbT681JmTINKw0ZwOUBZm7+Gjs64DHuX34mmw8vJL2bFAaNacaW72zYiTJxSHi5abUuOi5nsfg==}
    dependencies:
      real-require: 0.2.0
    dev: false

  /toad-cache@3.3.0:
    resolution: {integrity: sha512-3oDzcogWGHZdkwrHyvJVpPjA7oNzY6ENOV3PsWJY9XYPZ6INo94Yd47s5may1U+nleBPwDhrRiTPMIvKaa3MQg==}
    engines: {node: '>=12'}
    dev: false

  /tr46@0.0.3:
    resolution: {integrity: sha512-N3WMsuqV66lT30CrXNbEjx4GEwlow3v6rr4mCcv6prnfwhS01rkgyFdjPNBYd9br7LpXV1+Emh01fHnq2Gdgrw==}
    dev: false

  /typescript@5.3.2:
    resolution: {integrity: sha512-6l+RyNy7oAHDfxC4FzSJcz9vnjTKxrLpDG5M2Vu4SHRVNg6xzqZp6LYSR9zjqQTu8DU/f5xwxUdADOkbrIX2gQ==}
    engines: {node: '>=14.17'}
    hasBin: true
    dev: true

  /undici-types@5.26.5:
    resolution: {integrity: sha512-JlCMO+ehdEIKqlFxk6IfVoAUVmgz7cU7zD/h9XZ0qzeosSHmUJVOzSQvvYSYWXkFXC+IfLKSIffhv0sVZup6pA==}

  /uri-js@4.4.1:
    resolution: {integrity: sha512-7rKUyy33Q1yc98pQ1DAmLtwX109F7TIfWlW1Ydo8Wl1ii1SeHieeh0HHfPeL2fMXK6z0s8ecKs9frCuLJvndBg==}
    dependencies:
      punycode: 2.3.1
    dev: false

  /uuid@9.0.1:
    resolution: {integrity: sha512-b+1eJOlsR9K8HJpow9Ok3fiWOWSIcIzXodvv0rQjVoOVNpWMpxf1wZNpt4y9h10odCNrqnYp1OBzRktckBe3sA==}
    hasBin: true
    dev: false

  /web-streams-polyfill@3.2.1:
    resolution: {integrity: sha512-e0MO3wdXWKrLbL0DgGnUV7WHVuw9OUvL4hjgnPkIeEvESk74gAITi5G606JtZPp39cd8HA9VQzCIvA49LpPN5Q==}
    engines: {node: '>= 8'}
    dev: false

  /web-streams-polyfill@4.0.0-beta.3:
    resolution: {integrity: sha512-QW95TCTaHmsYfHDybGMwO5IJIM93I/6vTRk+daHTWFPhwh+C8Cg7j7XyKrwrj8Ib6vYXe0ocYNrmzY4xAAN6ug==}
    engines: {node: '>= 14'}
    dev: false

  /webidl-conversions@3.0.1:
    resolution: {integrity: sha512-2JAn3z8AR6rjK8Sm8orRC0h/bcl/DqL7tRPdGZ4I1CjdF+EaMLmYxBHyXuKL849eucPFhvBoxMsflfOb8kxaeQ==}
    dev: false

  /whatwg-url@5.0.0:
    resolution: {integrity: sha512-saE57nupxk6v3HY35+jzBwYa0rKSy0XR8JSxZPwgLr7ys0IBzhGviA1/TUGJLmSVqs8pb9AnvICXEuOHLprYTw==}
    dependencies:
      tr46: 0.0.3
      webidl-conversions: 3.0.1
    dev: false

  /wrappy@1.0.2:
    resolution: {integrity: sha512-l4Sp/DRseor9wL6EvV2+TuQn63dMkPjZ/sp9XkghTEbV9KlPS1xUsZ3u7/IQO4wxtcFB4bgpQPRcR3QCvezPcQ==}
    dev: false

  /xtend@4.0.2:
    resolution: {integrity: sha512-LKYU1iAXJXUgAXn9URjiu+MWhyUXHsvfp7mcuYm9dSUKK0/CjtrUwFAxD82/mCWbtLsGjFIad0wIsod4zrTAEQ==}
    engines: {node: '>=0.4'}
    dev: false

  /yallist@4.0.0:
    resolution: {integrity: sha512-3wdGidZyq5PB084XLES5TpOSRA3wjXAlIWMhum2kRcv/41Sn2emQ0dycQW4uZXLejwKvg6EsvbdlVL+FYEct7A==}
    dev: false

  /yaml@2.3.4:
    resolution: {integrity: sha512-8aAvwVUSHpfEqTQ4w/KMlf3HcRdt50E5ODIQJBw1fQ5RL34xabzxtUlzTXVqc4rkZsPbvrXKWnABCD7kWSmocA==}
    engines: {node: '>= 14'}
    dev: false

  /zod-to-json-schema@3.20.3(zod@3.22.4):
    resolution: {integrity: sha512-/Q3wnyxAfCt94ZcrGiXXoiAfRqasxl9CX64LZ9fj+4dKH68zulUtU0uk1WMxQPfAxQ0ZI70dKzcoW7hHj+DwSQ==}
    peerDependencies:
      zod: ^3.20.0
    dependencies:
      zod: 3.22.4
    dev: false

  /zod@3.22.4:
    resolution: {integrity: sha512-iC+8Io04lddc+mVqQ9AZ7OQ2MrUKGN+oIQyq1vemgt46jwCwLfhq7/pwnBnNXXXZb8VTVLKwp9EDkx+ryxIWmg==}
    dev: false
